
Microsoft Visual Studio Solution File, Format Version 12.00
# Visual Studio Version 16
VisualStudioVersion = 16.0.29613.14
MinimumVisualStudioVersion = 10.0.40219.1
Project("{FAE04EC0-301F-11D3-BF4B-00C04F79EFBC}") = "AutoFact_Remake", "AutoFact_Remake\AutoFact_Remake.csproj", "{79E1A431-23FC-44F4-BDFB-C3F8DB63389A}"
EndProject
Project("{FAE04EC0-301F-11D3-BF4B-00C04F79EFBC}") = "KAutoFactWrapper", "KAutoFactWrapper\KAutoFactWrapper.csproj", "{4AA515E6-7F58-482D-B836-A52165217842}"
EndProject
Global
	GlobalSection(SolutionConfigurationPlatforms) = preSolution
		Debug|Any CPU = Debug|Any CPU
		Release|Any CPU = Release|Any CPU
	EndGlobalSection
	GlobalSection(ProjectConfigurationPlatforms) = postSolution
		{79E1A431-23FC-44F4-BDFB-C3F8DB63389A}.Debug|Any CPU.ActiveCfg = Debug|Any CPU
		{79E1A431-23FC-44F4-BDFB-C3F8DB63389A}.Debug|Any CPU.Build.0 = Debug|Any CPU
		{79E1A431-23FC-44F4-BDFB-C3F8DB63389A}.Release|Any CPU.ActiveCfg = Release|Any CPU
		{79E1A431-23FC-44F4-BDFB-C3F8DB63389A}.Release|Any CPU.Build.0 = Release|Any CPU
		{4AA515E6-7F58-482D-B836-A52165217842}.Debug|Any CPU.ActiveCfg = Debug|Any CPU
		{4AA515E6-7F58-482D-B836-A52165217842}.Debug|Any CPU.Build.0 = Debug|Any CPU
		{4AA515E6-7F58-482D-B836-A52165217842}.Release|Any CPU.ActiveCfg = Release|Any CPU
		{4AA515E6-7F58-482D-B836-A52165217842}.Release|Any CPU.Build.0 = Release|Any CPU
	EndGlobalSection
	GlobalSection(SolutionProperties) = preSolution
		HideSolutionNode = FALSE
	EndGlobalSection
	GlobalSection(ExtensibilityGlobals) = postSolution
		SolutionGuid = {1289B3D6-5752-4F1D-9867-81BF16ADD486}
	EndGlobalSection
EndGlobal
